
Microsoft Visual Studio Solution File, Format Version 12.00
# Visual Studio 15
VisualStudioVersion = 15.0.28307.168
MinimumVisualStudioVersion = 10.0.40219.1
Project("{FAE04EC0-301F-11D3-BF4B-00C04F79EFBC}") = "quickgraph", "quickgraph.csproj", "{9754A9D6-D971-4D2D-9063-846323D88DC9}"
EndProject
Global
	GlobalSection(SolutionConfigurationPlatforms) = preSolution
		Debug|Any CPU = Debug|Any CPU
		Release|Any CPU = Release|Any CPU
	EndGlobalSection
	GlobalSection(ProjectConfigurationPlatforms) = postSolution
		{9754A9D6-D971-4D2D-9063-846323D88DC9}.Debug|Any CPU.ActiveCfg = Debug|Any CPU
		{9754A9D6-D971-4D2D-9063-846323D88DC9}.Debug|Any CPU.Build.0 = Debug|Any CPU
		{9754A9D6-D971-4D2D-9063-846323D88DC9}.Release|Any CPU.ActiveCfg = Release|Any CPU
		{9754A9D6-D971-4D2D-9063-846323D88DC9}.Release|Any CPU.Build.0 = Release|Any CPU
	EndGlobalSection
	GlobalSection(SolutionProperties) = preSolution
		HideSolutionNode = FALSE
	EndGlobalSection
	GlobalSection(ExtensibilityGlobals) = postSolution
		SolutionGuid = {F101262F-3598-4A31-937B-19497FEE3508}
	EndGlobalSection
EndGlobal
